
Microsoft Visual Studio Solution File, Format Version 12.00
# Visual Studio Version 17
VisualStudioVersion = 17.13.35919.96 d17.13
MinimumVisualStudioVersion = 10.0.40219.1
Project("{FAE04EC0-301F-11D3-BF4B-00C04F79EFBC}") = "GerberViewer", "GerberViewer\GerberViewer.csproj", "{79E13AC6-847A-422F-8BE0-7E0E3EB40E04}"
EndProject
Project("{FAE04EC0-301F-11D3-BF4B-00C04F79EFBC}") = "GerberEngine", "GerberEngine\GerberEngine.csproj", "{E8CD28FA-DA0B-4F1C-B301-267BE64C0513}"
EndProject
Project("{FAE04EC0-301F-11D3-BF4B-00C04F79EFBC}") = "GerberEngine.Tests", "GerberEngine.Tests\GerberEngine.Tests.csproj", "{9DF39E9F-2D33-4A57-B592-82603F409353}"
EndProject
Global
	GlobalSection(SolutionConfigurationPlatforms) = preSolution
		Debug|Any CPU = Debug|Any CPU
		Debug|x64 = Debug|x64
		Release|Any CPU = Release|Any CPU
		Release|x64 = Release|x64
	EndGlobalSection
	GlobalSection(ProjectConfigurationPlatforms) = postSolution
		{79E13AC6-847A-422F-8BE0-7E0E3EB40E04}.Debug|Any CPU.ActiveCfg = Debug|Any CPU
		{79E13AC6-847A-422F-8BE0-7E0E3EB40E04}.Debug|Any CPU.Build.0 = Debug|Any CPU
		{79E13AC6-847A-422F-8BE0-7E0E3EB40E04}.Debug|x64.ActiveCfg = Debug|x64
		{79E13AC6-847A-422F-8BE0-7E0E3EB40E04}.Debug|x64.Build.0 = Debug|x64
		{79E13AC6-847A-422F-8BE0-7E0E3EB40E04}.Release|Any CPU.ActiveCfg = Release|Any CPU
		{79E13AC6-847A-422F-8BE0-7E0E3EB40E04}.Release|Any CPU.Build.0 = Release|Any CPU
		{79E13AC6-847A-422F-8BE0-7E0E3EB40E04}.Release|x64.ActiveCfg = Release|x64
		{79E13AC6-847A-422F-8BE0-7E0E3EB40E04}.Release|x64.Build.0 = Release|x64
		{E8CD28FA-DA0B-4F1C-B301-267BE64C0513}.Debug|Any CPU.ActiveCfg = Debug|Any CPU
		{E8CD28FA-DA0B-4F1C-B301-267BE64C0513}.Debug|Any CPU.Build.0 = Debug|Any CPU
		{E8CD28FA-DA0B-4F1C-B301-267BE64C0513}.Debug|x64.ActiveCfg = Debug|x64
		{E8CD28FA-DA0B-4F1C-B301-267BE64C0513}.Debug|x64.Build.0 = Debug|x64
		{E8CD28FA-DA0B-4F1C-B301-267BE64C0513}.Release|Any CPU.ActiveCfg = Release|Any CPU
		{E8CD28FA-DA0B-4F1C-B301-267BE64C0513}.Release|Any CPU.Build.0 = Release|Any CPU
		{E8CD28FA-DA0B-4F1C-B301-267BE64C0513}.Release|x64.ActiveCfg = Release|x64
		{E8CD28FA-DA0B-4F1C-B301-267BE64C0513}.Release|x64.Build.0 = Release|x64
		{9DF39E9F-2D33-4A57-B592-82603F409353}.Debug|Any CPU.ActiveCfg = Debug|Any CPU
		{9DF39E9F-2D33-4A57-B592-82603F409353}.Debug|Any CPU.Build.0 = Debug|Any CPU
		{9DF39E9F-2D33-4A57-B592-82603F409353}.Debug|x64.ActiveCfg = Debug|Any CPU
		{9DF39E9F-2D33-4A57-B592-82603F409353}.Debug|x64.Build.0 = Debug|Any CPU
		{9DF39E9F-2D33-4A57-B592-82603F409353}.Release|Any CPU.ActiveCfg = Release|Any CPU
		{9DF39E9F-2D33-4A57-B592-82603F409353}.Release|Any CPU.Build.0 = Release|Any CPU
		{9DF39E9F-2D33-4A57-B592-82603F409353}.Release|x64.ActiveCfg = Release|Any CPU
		{9DF39E9F-2D33-4A57-B592-82603F409353}.Release|x64.Build.0 = Release|Any CPU
	EndGlobalSection
	GlobalSection(SolutionProperties) = preSolution
		HideSolutionNode = FALSE
	EndGlobalSection
	GlobalSection(ExtensibilityGlobals) = postSolution
		SolutionGuid = {ABAB27F3-1873-4A16-85D0-E117BE120CBC}
	EndGlobalSection
EndGlobal
