
Microsoft Visual Studio Solution File, Format Version 12.00
# Visual Studio Version 17
VisualStudioVersion = 17.13.35919.96
MinimumVisualStudioVersion = 10.0.40219.1
Project("{FAE04EC0-301F-11D3-BF4B-00C04F79EFBC}") = "GerberViewer", "GerberViewer\GerberViewer.csproj", "{79E13AC6-847A-422F-8BE0-7E0E3EB40E04}"
EndProject
Project("{FAE04EC0-301F-11D3-BF4B-00C04F79EFBC}") = "GerberEngine", "GerberEngine\GerberEngine.csproj", "{E8CD28FA-DA0B-4F1C-B301-267BE64C0513}"
EndProject
Project("{FAE04EC0-301F-11D3-BF4B-00C04F79EFBC}") = "EWindowControl", "EWindowControl\EWindowControl.csproj", "{327B1A7B-56A9-4101-93DC-D2D5D9B82AB0}"
EndProject
Project("{FAE04EC0-301F-11D3-BF4B-00C04F79EFBC}") = "GerberStitching.Core", "GerberStitching.Core\GerberStitching.Core.csproj", "{A9EBAE59-CC60-4A29-B248-9B3779C20F57}"
EndProject
Project("{FAE04EC0-301F-11D3-BF4B-00C04F79EFBC}") = "EasyFile", "EasyFile\EasyFile.csproj", "{5D4C27F2-63BE-4D79-8AF9-2DC7078F7D7A}"
EndProject
Project("{FAE04EC0-301F-11D3-BF4B-00C04F79EFBC}") = "Elog_1_0", "Elog_1_0\Elog_1_0.csproj", "{D983B4E3-77D2-4738-931C-916E1E61A2E1}"
EndProject
Project("{FAE04EC0-301F-11D3-BF4B-00C04F79EFBC}") = "GerberStitching.Tests", "GerberStitching.Tests\GerberStitching.Tests.csproj", "{2AF1E18B-52CC-4E48-99F0-5B863D90E9D8}"
EndProject
Global
	GlobalSection(SolutionConfigurationPlatforms) = preSolution
		Debug|Any CPU = Debug|Any CPU
		Debug|x64 = Debug|x64
		Release|Any CPU = Release|Any CPU
		Release|x64 = Release|x64
	EndGlobalSection
	GlobalSection(ProjectConfigurationPlatforms) = postSolution
		{79E13AC6-847A-422F-8BE0-7E0E3EB40E04}.Debug|Any CPU.ActiveCfg = Debug|Any CPU
		{79E13AC6-847A-422F-8BE0-7E0E3EB40E04}.Debug|Any CPU.Build.0 = Debug|Any CPU
		{79E13AC6-847A-422F-8BE0-7E0E3EB40E04}.Debug|x64.ActiveCfg = Debug|x64
		{79E13AC6-847A-422F-8BE0-7E0E3EB40E04}.Debug|x64.Build.0 = Debug|x64
		{79E13AC6-847A-422F-8BE0-7E0E3EB40E04}.Release|Any CPU.ActiveCfg = Release|Any CPU
		{79E13AC6-847A-422F-8BE0-7E0E3EB40E04}.Release|Any CPU.Build.0 = Release|Any CPU
		{79E13AC6-847A-422F-8BE0-7E0E3EB40E04}.Release|x64.ActiveCfg = Release|x64
		{79E13AC6-847A-422F-8BE0-7E0E3EB40E04}.Release|x64.Build.0 = Release|x64
		{E8CD28FA-DA0B-4F1C-B301-267BE64C0513}.Debug|Any CPU.ActiveCfg = Debug|Any CPU
		{E8CD28FA-DA0B-4F1C-B301-267BE64C0513}.Debug|Any CPU.Build.0 = Debug|Any CPU
		{E8CD28FA-DA0B-4F1C-B301-267BE64C0513}.Debug|x64.ActiveCfg = Debug|x64
		{E8CD28FA-DA0B-4F1C-B301-267BE64C0513}.Debug|x64.Build.0 = Debug|x64
		{E8CD28FA-DA0B-4F1C-B301-267BE64C0513}.Release|Any CPU.ActiveCfg = Release|Any CPU
		{E8CD28FA-DA0B-4F1C-B301-267BE64C0513}.Release|Any CPU.Build.0 = Release|Any CPU
		{E8CD28FA-DA0B-4F1C-B301-267BE64C0513}.Release|x64.ActiveCfg = Release|x64
		{E8CD28FA-DA0B-4F1C-B301-267BE64C0513}.Release|x64.Build.0 = Release|x64
		{327B1A7B-56A9-4101-93DC-D2D5D9B82AB0}.Debug|Any CPU.ActiveCfg = Debug|Any CPU
		{327B1A7B-56A9-4101-93DC-D2D5D9B82AB0}.Debug|Any CPU.Build.0 = Debug|Any CPU
		{327B1A7B-56A9-4101-93DC-D2D5D9B82AB0}.Debug|x64.ActiveCfg = Debug|x64
		{327B1A7B-56A9-4101-93DC-D2D5D9B82AB0}.Debug|x64.Build.0 = Debug|x64
		{327B1A7B-56A9-4101-93DC-D2D5D9B82AB0}.Release|Any CPU.ActiveCfg = Release|Any CPU
		{327B1A7B-56A9-4101-93DC-D2D5D9B82AB0}.Release|Any CPU.Build.0 = Release|Any CPU
		{327B1A7B-56A9-4101-93DC-D2D5D9B82AB0}.Release|x64.ActiveCfg = Release|x64
		{327B1A7B-56A9-4101-93DC-D2D5D9B82AB0}.Release|x64.Build.0 = Release|x64
		{A9EBAE59-CC60-4A29-B248-9B3779C20F57}.Debug|Any CPU.ActiveCfg = Debug|Any CPU
		{A9EBAE59-CC60-4A29-B248-9B3779C20F57}.Debug|Any CPU.Build.0 = Debug|Any CPU
		{A9EBAE59-CC60-4A29-B248-9B3779C20F57}.Debug|x64.ActiveCfg = Debug|x64
		{A9EBAE59-CC60-4A29-B248-9B3779C20F57}.Debug|x64.Build.0 = Debug|x64
		{A9EBAE59-CC60-4A29-B248-9B3779C20F57}.Release|Any CPU.ActiveCfg = Release|Any CPU
		{A9EBAE59-CC60-4A29-B248-9B3779C20F57}.Release|Any CPU.Build.0 = Release|Any CPU
		{A9EBAE59-CC60-4A29-B248-9B3779C20F57}.Release|x64.ActiveCfg = Release|x64
		{A9EBAE59-CC60-4A29-B248-9B3779C20F57}.Release|x64.Build.0 = Release|x64
		{5D4C27F2-63BE-4D79-8AF9-2DC7078F7D7A}.Debug|Any CPU.ActiveCfg = Debug|Any CPU
		{5D4C27F2-63BE-4D79-8AF9-2DC7078F7D7A}.Debug|Any CPU.Build.0 = Debug|Any CPU
		{5D4C27F2-63BE-4D79-8AF9-2DC7078F7D7A}.Debug|x64.ActiveCfg = Debug|x64
		{5D4C27F2-63BE-4D79-8AF9-2DC7078F7D7A}.Debug|x64.Build.0 = Debug|x64
		{5D4C27F2-63BE-4D79-8AF9-2DC7078F7D7A}.Release|Any CPU.ActiveCfg = Release|Any CPU
		{5D4C27F2-63BE-4D79-8AF9-2DC7078F7D7A}.Release|Any CPU.Build.0 = Release|Any CPU
		{5D4C27F2-63BE-4D79-8AF9-2DC7078F7D7A}.Release|x64.ActiveCfg = Release|x64
		{5D4C27F2-63BE-4D79-8AF9-2DC7078F7D7A}.Release|x64.Build.0 = Release|x64
		{D983B4E3-77D2-4738-931C-916E1E61A2E1}.Debug|Any CPU.ActiveCfg = Debug|Any CPU
		{D983B4E3-77D2-4738-931C-916E1E61A2E1}.Debug|Any CPU.Build.0 = Debug|Any CPU
		{D983B4E3-77D2-4738-931C-916E1E61A2E1}.Debug|x64.ActiveCfg = Debug|x64
		{D983B4E3-77D2-4738-931C-916E1E61A2E1}.Debug|x64.Build.0 = Debug|x64
		{D983B4E3-77D2-4738-931C-916E1E61A2E1}.Release|Any CPU.ActiveCfg = Release|Any CPU
		{D983B4E3-77D2-4738-931C-916E1E61A2E1}.Release|Any CPU.Build.0 = Release|Any CPU
		{D983B4E3-77D2-4738-931C-916E1E61A2E1}.Release|x64.ActiveCfg = Release|x64
		{D983B4E3-77D2-4738-931C-916E1E61A2E1}.Release|x64.Build.0 = Release|x64
		{2AF1E18B-52CC-4E48-99F0-5B863D90E9D8}.Debug|Any CPU.ActiveCfg = Debug|Any CPU
		{2AF1E18B-52CC-4E48-99F0-5B863D90E9D8}.Debug|Any CPU.Build.0 = Debug|Any CPU
		{2AF1E18B-52CC-4E48-99F0-5B863D90E9D8}.Debug|x64.ActiveCfg = Debug|x64
		{2AF1E18B-52CC-4E48-99F0-5B863D90E9D8}.Debug|x64.Build.0 = Debug|x64
		{2AF1E18B-52CC-4E48-99F0-5B863D90E9D8}.Release|Any CPU.ActiveCfg = Release|Any CPU
		{2AF1E18B-52CC-4E48-99F0-5B863D90E9D8}.Release|Any CPU.Build.0 = Release|Any CPU
		{2AF1E18B-52CC-4E48-99F0-5B863D90E9D8}.Release|x64.ActiveCfg = Release|x64
		{2AF1E18B-52CC-4E48-99F0-5B863D90E9D8}.Release|x64.Build.0 = Release|x64
	EndGlobalSection
	GlobalSection(SolutionProperties) = preSolution
		HideSolutionNode = FALSE
	EndGlobalSection
	GlobalSection(ExtensibilityGlobals) = postSolution
		SolutionGuid = {ABAB27F3-1873-4A16-85D0-E117BE120CBC}
	EndGlobalSection
EndGlobal
